
Microsoft Visual Studio Solution File, Format Version 12.00
# Visual Studio 2013
VisualStudioVersion = 12.0.30110.0
MinimumVisualStudioVersion = 10.0.40219.1
Project("{FAE04EC0-301F-11D3-BF4B-00C04F79EFBC}") = "Kooboo.CMS.Synchronous", "Kooboo.CMS.Synchronous\Kooboo.CMS.Synchronous.csproj", "{50405522-F552-4556-BA39-0A17386ED700}"
EndProject
Project("{FAE04EC0-301F-11D3-BF4B-00C04F79EFBC}") = "Kooboo.CMS.Synchronous.SyncContentFolder", "Kooboo.CMS.Synchronous.SyncContentFolder\Kooboo.CMS.Synchronous.SyncContentFolder.csproj", "{2782FA92-E271-4585-8CCE-EFDFBF6FF6E7}"
EndProject
Project("{FAE04EC0-301F-11D3-BF4B-00C04F79EFBC}") = "Kooboo.CMS.Synchronous.SyncContentSchema", "Kooboo.CMS.Synchronous.SyncContentSchema\Kooboo.CMS.Synchronous.SyncContentSchema.csproj", "{4F269962-7BBB-4B48-AD82-A5B7FAB85945}"
EndProject
Project("{FAE04EC0-301F-11D3-BF4B-00C04F79EFBC}") = "Kooboo.CMS.Synchronous.SyncSiteSetting", "Kooboo.CMS.Synchronous.SyncSiteSetting\Kooboo.CMS.Synchronous.SyncSiteSetting.csproj", "{9B558BF0-9A39-4920-9970-C7232B9E8613}"
EndProject
Global
	GlobalSection(SolutionConfigurationPlatforms) = preSolution
		Debug|Any CPU = Debug|Any CPU
		Release|Any CPU = Release|Any CPU
	EndGlobalSection
	GlobalSection(ProjectConfigurationPlatforms) = postSolution
		{50405522-F552-4556-BA39-0A17386ED700}.Debug|Any CPU.ActiveCfg = Debug|Any CPU
		{50405522-F552-4556-BA39-0A17386ED700}.Debug|Any CPU.Build.0 = Debug|Any CPU
		{50405522-F552-4556-BA39-0A17386ED700}.Release|Any CPU.ActiveCfg = Release|Any CPU
		{50405522-F552-4556-BA39-0A17386ED700}.Release|Any CPU.Build.0 = Release|Any CPU
		{2782FA92-E271-4585-8CCE-EFDFBF6FF6E7}.Debug|Any CPU.ActiveCfg = Debug|Any CPU
		{2782FA92-E271-4585-8CCE-EFDFBF6FF6E7}.Debug|Any CPU.Build.0 = Debug|Any CPU
		{2782FA92-E271-4585-8CCE-EFDFBF6FF6E7}.Release|Any CPU.ActiveCfg = Release|Any CPU
		{2782FA92-E271-4585-8CCE-EFDFBF6FF6E7}.Release|Any CPU.Build.0 = Release|Any CPU
		{4F269962-7BBB-4B48-AD82-A5B7FAB85945}.Debug|Any CPU.ActiveCfg = Debug|Any CPU
		{4F269962-7BBB-4B48-AD82-A5B7FAB85945}.Debug|Any CPU.Build.0 = Debug|Any CPU
		{4F269962-7BBB-4B48-AD82-A5B7FAB85945}.Release|Any CPU.ActiveCfg = Release|Any CPU
		{4F269962-7BBB-4B48-AD82-A5B7FAB85945}.Release|Any CPU.Build.0 = Release|Any CPU
		{9B558BF0-9A39-4920-9970-C7232B9E8613}.Debug|Any CPU.ActiveCfg = Debug|Any CPU
		{9B558BF0-9A39-4920-9970-C7232B9E8613}.Debug|Any CPU.Build.0 = Debug|Any CPU
		{9B558BF0-9A39-4920-9970-C7232B9E8613}.Release|Any CPU.ActiveCfg = Release|Any CPU
		{9B558BF0-9A39-4920-9970-C7232B9E8613}.Release|Any CPU.Build.0 = Release|Any CPU
	EndGlobalSection
	GlobalSection(SolutionProperties) = preSolution
		HideSolutionNode = FALSE
	EndGlobalSection
EndGlobal
