
Microsoft Visual Studio Solution File, Format Version 12.00
# Visual Studio 2012
Project("{FAE04EC0-301F-11D3-BF4B-00C04F79EFBC}") = "Kooboo.CMS.IOCExtension", "Kooboo.CMS.IOCExtension.csproj", "{49D28D5A-8F91-42DA-AAA5-54E1BAD1181E}"
EndProject
Global
	GlobalSection(SolutionConfigurationPlatforms) = preSolution
		Debug|Any CPU = Debug|Any CPU
		Release|Any CPU = Release|Any CPU
	EndGlobalSection
	GlobalSection(ProjectConfigurationPlatforms) = postSolution
		{49D28D5A-8F91-42DA-AAA5-54E1BAD1181E}.Debug|Any CPU.ActiveCfg = Debug|Any CPU
		{49D28D5A-8F91-42DA-AAA5-54E1BAD1181E}.Debug|Any CPU.Build.0 = Debug|Any CPU
		{49D28D5A-8F91-42DA-AAA5-54E1BAD1181E}.Release|Any CPU.ActiveCfg = Release|Any CPU
		{49D28D5A-8F91-42DA-AAA5-54E1BAD1181E}.Release|Any CPU.Build.0 = Release|Any CPU
	EndGlobalSection
	GlobalSection(SolutionProperties) = preSolution
		HideSolutionNode = FALSE
	EndGlobalSection
EndGlobal
